
Microsoft Visual Studio Solution File, Format Version 12.00
# Visual Studio Version 17
VisualStudioVersion = 17.2.32616.157
MinimumVisualStudioVersion = 10.0.40219.1
Project("{9A19103F-16F7-4668-BE54-9A1E7A4F7556}") = "eProdaja", "eProdaja.csproj", "{999213A6-0690-4996-8DEB-A3A302289DC2}"
EndProject
Project("{9A19103F-16F7-4668-BE54-9A1E7A4F7556}") = "eProdaja.Services", "..\eProdaja.Services\eProdaja.Services.csproj", "{BCFC1279-E068-406F-AEE5-3806B63D953D}"
EndProject
Project("{FAE04EC0-301F-11D3-BF4B-00C04F79EFBC}") = "eProdaja.Model", "..\eProdaja.Model\eProdaja.Model.csproj", "{DBEEDEEC-0A34-4B2F-B69E-DA42E543F893}"
EndProject
Project("{FAE04EC0-301F-11D3-BF4B-00C04F79EFBC}") = "eProdaja.WinUI", "..\eProdaja.WinUI\eProdaja.WinUI.csproj", "{9D3EF2B2-0CC6-4EFF-A6B0-ECD62E2F5150}"
EndProject
Project("{2150E333-8FDC-42A3-9474-1A3956D46DE8}") = "Solution Items", "Solution Items", "{F467DF91-64C2-4C92-A1C9-106024219FAA}"
	ProjectSection(SolutionItems) = preProject
		..\docker-compose.yml = ..\docker-compose.yml
		..\Dockerfile = ..\Dockerfile
	EndProjectSection
EndProject
Global
	GlobalSection(SolutionConfigurationPlatforms) = preSolution
		Debug|Any CPU = Debug|Any CPU
		Release|Any CPU = Release|Any CPU
	EndGlobalSection
	GlobalSection(ProjectConfigurationPlatforms) = postSolution
		{999213A6-0690-4996-8DEB-A3A302289DC2}.Debug|Any CPU.ActiveCfg = Debug|Any CPU
		{999213A6-0690-4996-8DEB-A3A302289DC2}.Debug|Any CPU.Build.0 = Debug|Any CPU
		{999213A6-0690-4996-8DEB-A3A302289DC2}.Release|Any CPU.ActiveCfg = Release|Any CPU
		{999213A6-0690-4996-8DEB-A3A302289DC2}.Release|Any CPU.Build.0 = Release|Any CPU
		{BCFC1279-E068-406F-AEE5-3806B63D953D}.Debug|Any CPU.ActiveCfg = Debug|Any CPU
		{BCFC1279-E068-406F-AEE5-3806B63D953D}.Debug|Any CPU.Build.0 = Debug|Any CPU
		{BCFC1279-E068-406F-AEE5-3806B63D953D}.Release|Any CPU.ActiveCfg = Release|Any CPU
		{BCFC1279-E068-406F-AEE5-3806B63D953D}.Release|Any CPU.Build.0 = Release|Any CPU
		{DBEEDEEC-0A34-4B2F-B69E-DA42E543F893}.Debug|Any CPU.ActiveCfg = Debug|Any CPU
		{DBEEDEEC-0A34-4B2F-B69E-DA42E543F893}.Debug|Any CPU.Build.0 = Debug|Any CPU
		{DBEEDEEC-0A34-4B2F-B69E-DA42E543F893}.Release|Any CPU.ActiveCfg = Release|Any CPU
		{DBEEDEEC-0A34-4B2F-B69E-DA42E543F893}.Release|Any CPU.Build.0 = Release|Any CPU
		{9D3EF2B2-0CC6-4EFF-A6B0-ECD62E2F5150}.Debug|Any CPU.ActiveCfg = Debug|Any CPU
		{9D3EF2B2-0CC6-4EFF-A6B0-ECD62E2F5150}.Debug|Any CPU.Build.0 = Debug|Any CPU
		{9D3EF2B2-0CC6-4EFF-A6B0-ECD62E2F5150}.Release|Any CPU.ActiveCfg = Release|Any CPU
		{9D3EF2B2-0CC6-4EFF-A6B0-ECD62E2F5150}.Release|Any CPU.Build.0 = Release|Any CPU
	EndGlobalSection
	GlobalSection(SolutionProperties) = preSolution
		HideSolutionNode = FALSE
	EndGlobalSection
	GlobalSection(ExtensibilityGlobals) = postSolution
		SolutionGuid = {F6819EBA-19B1-401E-9BFF-512EEA7F8131}
	EndGlobalSection
EndGlobal
